// !$*UTF8*$!
{
	archiveVersion = 1;
	classes = {
	};
	objectVersion = 56;
	objects = {

/* Begin PBXBuildFile section */
		3932BFF02B043D56001ABB71 /* Serviceable.swift in Sources */ = {isa = PBXBuildFile; fileRef = 3932BFEF2B043D56001ABB71 /* Serviceable.swift */; };
		3932BFF62B044BBC001ABB71 /* SnapKit-Dynamic in Frameworks */ = {isa = PBXBuildFile; productRef = 3932BFF52B044BBC001ABB71 /* SnapKit-Dynamic */; };
		3932BFF72B044BBC001ABB71 /* SnapKit-Dynamic in Embed Frameworks */ = {isa = PBXBuildFile; productRef = 3932BFF52B044BBC001ABB71 /* SnapKit-Dynamic */; settings = {ATTRIBUTES = (CodeSignOnCopy, ); }; };
		3932BFFB2B0453B5001ABB71 /* FavoriteCardStore.swift in Sources */ = {isa = PBXBuildFile; fileRef = 3932BFFA2B0453B5001ABB71 /* FavoriteCardStore.swift */; };
		3932BFFD2B04558A001ABB71 /* CoreDataStack.swift in Sources */ = {isa = PBXBuildFile; fileRef = 3932BFFC2B04558A001ABB71 /* CoreDataStack.swift */; };
		3932C0012B0455C6001ABB71 /* FavoriteCardCoreDataManager.swift in Sources */ = {isa = PBXBuildFile; fileRef = 3932C0002B0455C6001ABB71 /* FavoriteCardCoreDataManager.swift */; };
		3932C0042B045780001ABB71 /* FavoriteCard.xcdatamodeld in Sources */ = {isa = PBXBuildFile; fileRef = 3932C0022B045780001ABB71 /* FavoriteCard.xcdatamodeld */; };
		3932C0102B04C2C7001ABB71 /* ShopliveCoreDataTests.swift in Sources */ = {isa = PBXBuildFile; fileRef = 3932C00F2B04C2C7001ABB71 /* ShopliveCoreDataTests.swift */; };
		3932C0172B04E8BB001ABB71 /* CustomTabItemView.swift in Sources */ = {isa = PBXBuildFile; fileRef = 3932C0162B04E8BB001ABB71 /* CustomTabItemView.swift */; };
		3932C01D2B04FD8C001ABB71 /* Kingfisher in Frameworks */ = {isa = PBXBuildFile; productRef = 3932C01C2B04FD8C001ABB71 /* Kingfisher */; };
		3932C0202B0507E4001ABB71 /* Observable.swift in Sources */ = {isa = PBXBuildFile; fileRef = 3932C01F2B0507E4001ABB71 /* Observable.swift */; };
		3932C0222B050835001ABB71 /* Debouncer.swift in Sources */ = {isa = PBXBuildFile; fileRef = 3932C0212B050835001ABB71 /* Debouncer.swift */; };
		3932C0262B050877001ABB71 /* Page.swift in Sources */ = {isa = PBXBuildFile; fileRef = 3932C0252B050877001ABB71 /* Page.swift */; };
		3932C0282B050888001ABB71 /* HomeViewModel.swift in Sources */ = {isa = PBXBuildFile; fileRef = 3932C0272B050888001ABB71 /* HomeViewModel.swift */; };
		3932C02B2B050B91001ABB71 /* FavoriteViewModel.swift in Sources */ = {isa = PBXBuildFile; fileRef = 3932C02A2B050B91001ABB71 /* FavoriteViewModel.swift */; };
		3932C02E2B050BB5001ABB71 /* SearchViewModel.swift in Sources */ = {isa = PBXBuildFile; fileRef = 3932C02D2B050BB5001ABB71 /* SearchViewModel.swift */; };
		3932C0302B0576FC001ABB71 /* CharecterCardCollectionViewCell.swift in Sources */ = {isa = PBXBuildFile; fileRef = 3932C02F2B0576FC001ABB71 /* CharecterCardCollectionViewCell.swift */; };
		3932C0322B059901001ABB71 /* Int+.swift in Sources */ = {isa = PBXBuildFile; fileRef = 3932C0312B059901001ABB71 /* Int+.swift */; };
		39386DDE2B063563003DAF4D /* FavoriteCard+CoreDataClass.swift in Sources */ = {isa = PBXBuildFile; fileRef = 39386DDC2B063563003DAF4D /* FavoriteCard+CoreDataClass.swift */; };
		39386DDF2B063563003DAF4D /* FavoriteCard+CoreDataProperties.swift in Sources */ = {isa = PBXBuildFile; fileRef = 39386DDD2B063563003DAF4D /* FavoriteCard+CoreDataProperties.swift */; };
		393EE9722B05DD30003221AB /* CharacterData.swift in Sources */ = {isa = PBXBuildFile; fileRef = 393EE9712B05DD30003221AB /* CharacterData.swift */; };
		39C6087D2B0304AA00E3A130 /* AppDelegate.swift in Sources */ = {isa = PBXBuildFile; fileRef = 39C6087C2B0304AA00E3A130 /* AppDelegate.swift */; };
		39C6087F2B0304AA00E3A130 /* SceneDelegate.swift in Sources */ = {isa = PBXBuildFile; fileRef = 39C6087E2B0304AA00E3A130 /* SceneDelegate.swift */; };
		39C608812B0304AA00E3A130 /* SearchViewController.swift in Sources */ = {isa = PBXBuildFile; fileRef = 39C608802B0304AA00E3A130 /* SearchViewController.swift */; };
		39C608862B0304AC00E3A130 /* Assets.xcassets in Resources */ = {isa = PBXBuildFile; fileRef = 39C608852B0304AC00E3A130 /* Assets.xcassets */; };
		39C608892B0304AC00E3A130 /* LaunchScreen.storyboard in Resources */ = {isa = PBXBuildFile; fileRef = 39C608872B0304AC00E3A130 /* LaunchScreen.storyboard */; };
		39C608932B03167300E3A130 /* FavoriteViewController.swift in Sources */ = {isa = PBXBuildFile; fileRef = 39C608922B03167300E3A130 /* FavoriteViewController.swift */; };
		39C608992B037C3100E3A130 /* HomeViewController.swift in Sources */ = {isa = PBXBuildFile; fileRef = 39C608982B037C3100E3A130 /* HomeViewController.swift */; };
		39C608AC2B03881A00E3A130 /* APIRouter.swift in Sources */ = {isa = PBXBuildFile; fileRef = 39C608A92B03881A00E3A130 /* APIRouter.swift */; };
		39C608AD2B03881A00E3A130 /* APIError.swift in Sources */ = {isa = PBXBuildFile; fileRef = 39C608AA2B03881A00E3A130 /* APIError.swift */; };
		39C608AE2B03881A00E3A130 /* EndPoint.swift in Sources */ = {isa = PBXBuildFile; fileRef = 39C608AB2B03881A00E3A130 /* EndPoint.swift */; };
		39C608B02B03955C00E3A130 /* Shoplive.plist in Resources */ = {isa = PBXBuildFile; fileRef = 39C608AF2B03955C00E3A130 /* Shoplive.plist */; };
		39C608B32B03960A00E3A130 /* Bundle+.swift in Sources */ = {isa = PBXBuildFile; fileRef = 39C608B22B03960A00E3A130 /* Bundle+.swift */; };
		39C608B52B04152900E3A130 /* String+.swift in Sources */ = {isa = PBXBuildFile; fileRef = 39C608B42B04152900E3A130 /* String+.swift */; };
		39C608B92B04199500E3A130 /* CharatersResponseDTO.swift in Sources */ = {isa = PBXBuildFile; fileRef = 39C608B82B04199500E3A130 /* CharatersResponseDTO.swift */; };
		39C608BF2B041B8D00E3A130 /* CharacterService.swift in Sources */ = {isa = PBXBuildFile; fileRef = 39C608BE2B041B8D00E3A130 /* CharacterService.swift */; };
/* End PBXBuildFile section */

/* Begin PBXContainerItemProxy section */
		3932C0112B04C2C7001ABB71 /* PBXContainerItemProxy */ = {
			isa = PBXContainerItemProxy;
			containerPortal = 39C608712B0304AA00E3A130 /* Project object */;
			proxyType = 1;
			remoteGlobalIDString = 39C608782B0304AA00E3A130;
			remoteInfo = Shoplive;
		};
/* End PBXContainerItemProxy section */

/* Begin PBXCopyFilesBuildPhase section */
		3932BFF32B044B74001ABB71 /* Embed Frameworks */ = {
			isa = PBXCopyFilesBuildPhase;
			buildActionMask = 2147483647;
			dstPath = "";
			dstSubfolderSpec = 10;
			files = (
				3932BFF72B044BBC001ABB71 /* SnapKit-Dynamic in Embed Frameworks */,
			);
			name = "Embed Frameworks";
			runOnlyForDeploymentPostprocessing = 0;
		};
/* End PBXCopyFilesBuildPhase section */

/* Begin PBXFileReference section */
		3932BFEF2B043D56001ABB71 /* Serviceable.swift */ = {isa = PBXFileReference; lastKnownFileType = sourcecode.swift; path = Serviceable.swift; sourceTree = "<group>"; };
		3932BFFA2B0453B5001ABB71 /* FavoriteCardStore.swift */ = {isa = PBXFileReference; lastKnownFileType = sourcecode.swift; path = FavoriteCardStore.swift; sourceTree = "<group>"; };
		3932BFFC2B04558A001ABB71 /* CoreDataStack.swift */ = {isa = PBXFileReference; lastKnownFileType = sourcecode.swift; path = CoreDataStack.swift; sourceTree = "<group>"; };
		3932C0002B0455C6001ABB71 /* FavoriteCardCoreDataManager.swift */ = {isa = PBXFileReference; lastKnownFileType = sourcecode.swift; path = FavoriteCardCoreDataManager.swift; sourceTree = "<group>"; };
		3932C0032B045780001ABB71 /* FavoriteCard.xcdatamodel */ = {isa = PBXFileReference; lastKnownFileType = wrapper.xcdatamodel; path = FavoriteCard.xcdatamodel; sourceTree = "<group>"; };
		3932C00D2B04C2C7001ABB71 /* ShopliveTests.xctest */ = {isa = PBXFileReference; explicitFileType = wrapper.cfbundle; includeInIndex = 0; path = ShopliveTests.xctest; sourceTree = BUILT_PRODUCTS_DIR; };
		3932C00F2B04C2C7001ABB71 /* ShopliveCoreDataTests.swift */ = {isa = PBXFileReference; lastKnownFileType = sourcecode.swift; path = ShopliveCoreDataTests.swift; sourceTree = "<group>"; };
		3932C0162B04E8BB001ABB71 /* CustomTabItemView.swift */ = {isa = PBXFileReference; lastKnownFileType = sourcecode.swift; path = CustomTabItemView.swift; sourceTree = "<group>"; };
		3932C01F2B0507E4001ABB71 /* Observable.swift */ = {isa = PBXFileReference; lastKnownFileType = sourcecode.swift; path = Observable.swift; sourceTree = "<group>"; };
		3932C0212B050835001ABB71 /* Debouncer.swift */ = {isa = PBXFileReference; lastKnownFileType = sourcecode.swift; path = Debouncer.swift; sourceTree = "<group>"; };
		3932C0252B050877001ABB71 /* Page.swift */ = {isa = PBXFileReference; lastKnownFileType = sourcecode.swift; path = Page.swift; sourceTree = "<group>"; };
		3932C0272B050888001ABB71 /* HomeViewModel.swift */ = {isa = PBXFileReference; lastKnownFileType = sourcecode.swift; path = HomeViewModel.swift; sourceTree = "<group>"; };
		3932C02A2B050B91001ABB71 /* FavoriteViewModel.swift */ = {isa = PBXFileReference; lastKnownFileType = sourcecode.swift; path = FavoriteViewModel.swift; sourceTree = "<group>"; };
		3932C02D2B050BB5001ABB71 /* SearchViewModel.swift */ = {isa = PBXFileReference; lastKnownFileType = sourcecode.swift; path = SearchViewModel.swift; sourceTree = "<group>"; };
		3932C02F2B0576FC001ABB71 /* CharecterCardCollectionViewCell.swift */ = {isa = PBXFileReference; lastKnownFileType = sourcecode.swift; path = CharecterCardCollectionViewCell.swift; sourceTree = "<group>"; };
		3932C0312B059901001ABB71 /* Int+.swift */ = {isa = PBXFileReference; lastKnownFileType = sourcecode.swift; path = "Int+.swift"; sourceTree = "<group>"; };
		39386DDC2B063563003DAF4D /* FavoriteCard+CoreDataClass.swift */ = {isa = PBXFileReference; lastKnownFileType = sourcecode.swift; name = "FavoriteCard+CoreDataClass.swift"; path = "Shoplive/Global/Repository/FavoriteCard+CoreDataClass.swift"; sourceTree = "<group>"; };
		39386DDD2B063563003DAF4D /* FavoriteCard+CoreDataProperties.swift */ = {isa = PBXFileReference; lastKnownFileType = sourcecode.swift; name = "FavoriteCard+CoreDataProperties.swift"; path = "Shoplive/Global/Repository/FavoriteCard+CoreDataProperties.swift"; sourceTree = "<group>"; };
		393EE9712B05DD30003221AB /* CharacterData.swift */ = {isa = PBXFileReference; lastKnownFileType = sourcecode.swift; path = CharacterData.swift; sourceTree = "<group>"; };
		39C608792B0304AA00E3A130 /* Shoplive.app */ = {isa = PBXFileReference; explicitFileType = wrapper.application; includeInIndex = 0; path = Shoplive.app; sourceTree = BUILT_PRODUCTS_DIR; };
		39C6087C2B0304AA00E3A130 /* AppDelegate.swift */ = {isa = PBXFileReference; lastKnownFileType = sourcecode.swift; path = AppDelegate.swift; sourceTree = "<group>"; };
		39C6087E2B0304AA00E3A130 /* SceneDelegate.swift */ = {isa = PBXFileReference; lastKnownFileType = sourcecode.swift; path = SceneDelegate.swift; sourceTree = "<group>"; };
		39C608802B0304AA00E3A130 /* SearchViewController.swift */ = {isa = PBXFileReference; lastKnownFileType = sourcecode.swift; path = SearchViewController.swift; sourceTree = "<group>"; };
		39C608852B0304AC00E3A130 /* Assets.xcassets */ = {isa = PBXFileReference; lastKnownFileType = folder.assetcatalog; path = Assets.xcassets; sourceTree = "<group>"; };
		39C608882B0304AC00E3A130 /* Base */ = {isa = PBXFileReference; lastKnownFileType = file.storyboard; name = Base; path = Base.lproj/LaunchScreen.storyboard; sourceTree = "<group>"; };
		39C6088A2B0304AC00E3A130 /* Info.plist */ = {isa = PBXFileReference; lastKnownFileType = text.plist.xml; path = Info.plist; sourceTree = "<group>"; };
		39C608922B03167300E3A130 /* FavoriteViewController.swift */ = {isa = PBXFileReference; lastKnownFileType = sourcecode.swift; path = FavoriteViewController.swift; sourceTree = "<group>"; };
		39C608982B037C3100E3A130 /* HomeViewController.swift */ = {isa = PBXFileReference; lastKnownFileType = sourcecode.swift; path = HomeViewController.swift; sourceTree = "<group>"; };
		39C608A92B03881A00E3A130 /* APIRouter.swift */ = {isa = PBXFileReference; fileEncoding = 4; lastKnownFileType = sourcecode.swift; path = APIRouter.swift; sourceTree = "<group>"; };
		39C608AA2B03881A00E3A130 /* APIError.swift */ = {isa = PBXFileReference; fileEncoding = 4; lastKnownFileType = sourcecode.swift; path = APIError.swift; sourceTree = "<group>"; };
		39C608AB2B03881A00E3A130 /* EndPoint.swift */ = {isa = PBXFileReference; fileEncoding = 4; lastKnownFileType = sourcecode.swift; path = EndPoint.swift; sourceTree = "<group>"; };
		39C608AF2B03955C00E3A130 /* Shoplive.plist */ = {isa = PBXFileReference; lastKnownFileType = text.plist.xml; path = Shoplive.plist; sourceTree = "<group>"; };
		39C608B22B03960A00E3A130 /* Bundle+.swift */ = {isa = PBXFileReference; lastKnownFileType = sourcecode.swift; path = "Bundle+.swift"; sourceTree = "<group>"; };
		39C608B42B04152900E3A130 /* String+.swift */ = {isa = PBXFileReference; lastKnownFileType = sourcecode.swift; path = "String+.swift"; sourceTree = "<group>"; };
		39C608B82B04199500E3A130 /* CharatersResponseDTO.swift */ = {isa = PBXFileReference; lastKnownFileType = sourcecode.swift; path = CharatersResponseDTO.swift; sourceTree = "<group>"; };
		39C608BE2B041B8D00E3A130 /* CharacterService.swift */ = {isa = PBXFileReference; lastKnownFileType = sourcecode.swift; path = CharacterService.swift; sourceTree = "<group>"; };
/* End PBXFileReference section */

/* Begin PBXFrameworksBuildPhase section */
		3932C00A2B04C2C7001ABB71 /* Frameworks */ = {
			isa = PBXFrameworksBuildPhase;
			buildActionMask = 2147483647;
			files = (
			);
			runOnlyForDeploymentPostprocessing = 0;
		};
		39C608762B0304AA00E3A130 /* Frameworks */ = {
			isa = PBXFrameworksBuildPhase;
			buildActionMask = 2147483647;
			files = (
				3932C01D2B04FD8C001ABB71 /* Kingfisher in Frameworks */,
				3932BFF62B044BBC001ABB71 /* SnapKit-Dynamic in Frameworks */,
			);
			runOnlyForDeploymentPostprocessing = 0;
		};
/* End PBXFrameworksBuildPhase section */

/* Begin PBXGroup section */
		3932BFF12B043DA2001ABB71 /* Service */ = {
			isa = PBXGroup;
			children = (
				3932BFEF2B043D56001ABB71 /* Serviceable.swift */,
				39C608BE2B041B8D00E3A130 /* CharacterService.swift */,
			);
			path = Service;
			sourceTree = "<group>";
		};
		3932BFF42B044BBC001ABB71 /* Frameworks */ = {
			isa = PBXGroup;
			children = (
			);
			name = Frameworks;
			sourceTree = "<group>";
		};
		3932BFF82B04534B001ABB71 /* Repository */ = {
			isa = PBXGroup;
			children = (
				3932BFFA2B0453B5001ABB71 /* FavoriteCardStore.swift */,
				3932BFF92B045353001ABB71 /* CoreData */,
			);
			path = Repository;
			sourceTree = "<group>";
		};
		3932BFF92B045353001ABB71 /* CoreData */ = {
			isa = PBXGroup;
			children = (
				3932BFFC2B04558A001ABB71 /* CoreDataStack.swift */,
				3932C0002B0455C6001ABB71 /* FavoriteCardCoreDataManager.swift */,
				3932C0022B045780001ABB71 /* FavoriteCard.xcdatamodeld */,
			);
			path = CoreData;
			sourceTree = "<group>";
		};
		3932C00E2B04C2C7001ABB71 /* ShopliveTests */ = {
			isa = PBXGroup;
			children = (
				3932C00F2B04C2C7001ABB71 /* ShopliveCoreDataTests.swift */,
			);
			path = ShopliveTests;
			sourceTree = "<group>";
		};
		3932C01E2B0507CB001ABB71 /* Tool */ = {
			isa = PBXGroup;
			children = (
				3932C01F2B0507E4001ABB71 /* Observable.swift */,
				3932C0212B050835001ABB71 /* Debouncer.swift */,
			);
			path = Tool;
			sourceTree = "<group>";
		};
		3932C0232B050869001ABB71 /* Model */ = {
			isa = PBXGroup;
			children = (
				3932C0252B050877001ABB71 /* Page.swift */,
			);
			path = Model;
			sourceTree = "<group>";
		};
		3932C0242B05086D001ABB71 /* ViewModel */ = {
			isa = PBXGroup;
			children = (
				3932C0272B050888001ABB71 /* HomeViewModel.swift */,
			);
			path = ViewModel;
			sourceTree = "<group>";
		};
		3932C0292B050B87001ABB71 /* ViewModel */ = {
			isa = PBXGroup;
			children = (
				3932C02A2B050B91001ABB71 /* FavoriteViewModel.swift */,
			);
			path = ViewModel;
			sourceTree = "<group>";
		};
		3932C02C2B050BAF001ABB71 /* ViewModel */ = {
			isa = PBXGroup;
			children = (
				3932C02D2B050BB5001ABB71 /* SearchViewModel.swift */,
			);
			path = ViewModel;
			sourceTree = "<group>";
		};
		393EE9702B05DD1D003221AB /* Model */ = {
			isa = PBXGroup;
			children = (
				393EE9712B05DD30003221AB /* CharacterData.swift */,
			);
			path = Model;
			sourceTree = "<group>";
		};
		39C608702B0304AA00E3A130 = {
			isa = PBXGroup;
			children = (
				39386DDC2B063563003DAF4D /* FavoriteCard+CoreDataClass.swift */,
				39386DDD2B063563003DAF4D /* FavoriteCard+CoreDataProperties.swift */,
				39C6087B2B0304AA00E3A130 /* Shoplive */,
				3932C00E2B04C2C7001ABB71 /* ShopliveTests */,
				39C6087A2B0304AA00E3A130 /* Products */,
				3932BFF42B044BBC001ABB71 /* Frameworks */,
			);
			sourceTree = "<group>";
		};
		39C6087A2B0304AA00E3A130 /* Products */ = {
			isa = PBXGroup;
			children = (
				39C608792B0304AA00E3A130 /* Shoplive.app */,
				3932C00D2B04C2C7001ABB71 /* ShopliveTests.xctest */,
			);
			name = Products;
			sourceTree = "<group>";
		};
		39C6087B2B0304AA00E3A130 /* Shoplive */ = {
			isa = PBXGroup;
			children = (
				39C608B62B04198200E3A130 /* Global */,
				39C6089B2B037CCF00E3A130 /* Presentation */,
				39C608852B0304AC00E3A130 /* Assets.xcassets */,
				39C608872B0304AC00E3A130 /* LaunchScreen.storyboard */,
				39C608AF2B03955C00E3A130 /* Shoplive.plist */,
				39C6088A2B0304AC00E3A130 /* Info.plist */,
			);
			path = Shoplive;
			sourceTree = "<group>";
		};
		39C6089B2B037CCF00E3A130 /* Presentation */ = {
			isa = PBXGroup;
			children = (
				39C608A22B037D7300E3A130 /* Base */,
				39C6089C2B037CEE00E3A130 /* HomeContainer */,
				39C6089D2B037D3200E3A130 /* Search */,
				39C6089E2B037D3800E3A130 /* Favorite */,
			);
			path = Presentation;
			sourceTree = "<group>";
		};
		39C6089C2B037CEE00E3A130 /* HomeContainer */ = {
			isa = PBXGroup;
			children = (
				3932C0232B050869001ABB71 /* Model */,
				39C608A12B037D5000E3A130 /* View */,
				3932C0242B05086D001ABB71 /* ViewModel */,
			);
			path = HomeContainer;
			sourceTree = "<group>";
		};
		39C6089D2B037D3200E3A130 /* Search */ = {
			isa = PBXGroup;
			children = (
				393EE9702B05DD1D003221AB /* Model */,
				39C608A02B037D4D00E3A130 /* View */,
				3932C02C2B050BAF001ABB71 /* ViewModel */,
			);
			path = Search;
			sourceTree = "<group>";
		};
		39C6089E2B037D3800E3A130 /* Favorite */ = {
			isa = PBXGroup;
			children = (
				39C6089F2B037D4900E3A130 /* View */,
				3932C0292B050B87001ABB71 /* ViewModel */,
			);
			path = Favorite;
			sourceTree = "<group>";
		};
		39C6089F2B037D4900E3A130 /* View */ = {
			isa = PBXGroup;
			children = (
				39C608922B03167300E3A130 /* FavoriteViewController.swift */,
			);
			path = View;
			sourceTree = "<group>";
		};
		39C608A02B037D4D00E3A130 /* View */ = {
			isa = PBXGroup;
			children = (
				39C608802B0304AA00E3A130 /* SearchViewController.swift */,
				3932C02F2B0576FC001ABB71 /* CharecterCardCollectionViewCell.swift */,
			);
			path = View;
			sourceTree = "<group>";
		};
		39C608A12B037D5000E3A130 /* View */ = {
			isa = PBXGroup;
			children = (
				39C608982B037C3100E3A130 /* HomeViewController.swift */,
				3932C0162B04E8BB001ABB71 /* CustomTabItemView.swift */,
			);
			path = View;
			sourceTree = "<group>";
		};
		39C608A22B037D7300E3A130 /* Base */ = {
			isa = PBXGroup;
			children = (
				39C6087C2B0304AA00E3A130 /* AppDelegate.swift */,
				39C6087E2B0304AA00E3A130 /* SceneDelegate.swift */,
			);
			path = Base;
			sourceTree = "<group>";
		};
		39C608A82B0387DE00E3A130 /* Networking */ = {
			isa = PBXGroup;
			children = (
				39C608B72B04198E00E3A130 /* DTO */,
				39C608AA2B03881A00E3A130 /* APIError.swift */,
				39C608A92B03881A00E3A130 /* APIRouter.swift */,
				39C608AB2B03881A00E3A130 /* EndPoint.swift */,
			);
			path = Networking;
			sourceTree = "<group>";
		};
		39C608B12B0395EC00E3A130 /* Extension+ */ = {
			isa = PBXGroup;
			children = (
				39C608B22B03960A00E3A130 /* Bundle+.swift */,
				39C608B42B04152900E3A130 /* String+.swift */,
				3932C0312B059901001ABB71 /* Int+.swift */,
			);
			path = "Extension+";
			sourceTree = "<group>";
		};
		39C608B62B04198200E3A130 /* Global */ = {
			isa = PBXGroup;
			children = (
				3932BFF82B04534B001ABB71 /* Repository */,
				39C608B12B0395EC00E3A130 /* Extension+ */,
				39C608A82B0387DE00E3A130 /* Networking */,
				3932BFF12B043DA2001ABB71 /* Service */,
				3932C01E2B0507CB001ABB71 /* Tool */,
			);
			path = Global;
			sourceTree = "<group>";
		};
		39C608B72B04198E00E3A130 /* DTO */ = {
			isa = PBXGroup;
			children = (
				39C608B82B04199500E3A130 /* CharatersResponseDTO.swift */,
			);
			path = DTO;
			sourceTree = "<group>";
		};
/* End PBXGroup section */

/* Begin PBXNativeTarget section */
		3932C00C2B04C2C7001ABB71 /* ShopliveTests */ = {
			isa = PBXNativeTarget;
			buildConfigurationList = 3932C0132B04C2C7001ABB71 /* Build configuration list for PBXNativeTarget "ShopliveTests" */;
			buildPhases = (
				3932C0092B04C2C7001ABB71 /* Sources */,
				3932C00A2B04C2C7001ABB71 /* Frameworks */,
				3932C00B2B04C2C7001ABB71 /* Resources */,
			);
			buildRules = (
			);
			dependencies = (
				3932C0122B04C2C7001ABB71 /* PBXTargetDependency */,
			);
			name = ShopliveTests;
			productName = ShopliveTests;
			productReference = 3932C00D2B04C2C7001ABB71 /* ShopliveTests.xctest */;
			productType = "com.apple.product-type.bundle.unit-test";
		};
		39C608782B0304AA00E3A130 /* Shoplive */ = {
			isa = PBXNativeTarget;
			buildConfigurationList = 39C6088D2B0304AC00E3A130 /* Build configuration list for PBXNativeTarget "Shoplive" */;
			buildPhases = (
				39C608752B0304AA00E3A130 /* Sources */,
				39C608762B0304AA00E3A130 /* Frameworks */,
				39C608772B0304AA00E3A130 /* Resources */,
				3932BFF32B044B74001ABB71 /* Embed Frameworks */,
			);
			buildRules = (
			);
			dependencies = (
			);
			name = Shoplive;
			packageProductDependencies = (
				3932BFF52B044BBC001ABB71 /* SnapKit-Dynamic */,
				3932C01C2B04FD8C001ABB71 /* Kingfisher */,
			);
			productName = Shoplive;
			productReference = 39C608792B0304AA00E3A130 /* Shoplive.app */;
			productType = "com.apple.product-type.application";
		};
/* End PBXNativeTarget section */

/* Begin PBXProject section */
		39C608712B0304AA00E3A130 /* Project object */ = {
			isa = PBXProject;
			attributes = {
				BuildIndependentTargetsInParallel = 1;
				LastSwiftUpdateCheck = 1500;
				LastUpgradeCheck = 1500;
				TargetAttributes = {
					3932C00C2B04C2C7001ABB71 = {
						CreatedOnToolsVersion = 15.0;
						TestTargetID = 39C608782B0304AA00E3A130;
					};
					39C608782B0304AA00E3A130 = {
						CreatedOnToolsVersion = 15.0;
					};
				};
			};
			buildConfigurationList = 39C608742B0304AA00E3A130 /* Build configuration list for PBXProject "Shoplive" */;
			compatibilityVersion = "Xcode 14.0";
			developmentRegion = en;
			hasScannedForEncodings = 0;
			knownRegions = (
				en,
				Base,
			);
			mainGroup = 39C608702B0304AA00E3A130;
			packageReferences = (
				39C608A32B037DDF00E3A130 /* XCRemoteSwiftPackageReference "SnapKit" */,
				3932C01B2B04FD8C001ABB71 /* XCRemoteSwiftPackageReference "Kingfisher" */,
			);
			productRefGroup = 39C6087A2B0304AA00E3A130 /* Products */;
			projectDirPath = "";
			projectRoot = "";
			targets = (
				39C608782B0304AA00E3A130 /* Shoplive */,
				3932C00C2B04C2C7001ABB71 /* ShopliveTests */,
			);
		};
/* End PBXProject section */

/* Begin PBXResourcesBuildPhase section */
		3932C00B2B04C2C7001ABB71 /* Resources */ = {
			isa = PBXResourcesBuildPhase;
			buildActionMask = 2147483647;
			files = (
			);
			runOnlyForDeploymentPostprocessing = 0;
		};
		39C608772B0304AA00E3A130 /* Resources */ = {
			isa = PBXResourcesBuildPhase;
			buildActionMask = 2147483647;
			files = (
				39C608892B0304AC00E3A130 /* LaunchScreen.storyboard in Resources */,
				39C608B02B03955C00E3A130 /* Shoplive.plist in Resources */,
				39C608862B0304AC00E3A130 /* Assets.xcassets in Resources */,
			);
			runOnlyForDeploymentPostprocessing = 0;
		};
/* End PBXResourcesBuildPhase section */

/* Begin PBXSourcesBuildPhase section */
		3932C0092B04C2C7001ABB71 /* Sources */ = {
			isa = PBXSourcesBuildPhase;
			buildActionMask = 2147483647;
			files = (
				3932C0102B04C2C7001ABB71 /* ShopliveCoreDataTests.swift in Sources */,
			);
			runOnlyForDeploymentPostprocessing = 0;
		};
		39C608752B0304AA00E3A130 /* Sources */ = {
			isa = PBXSourcesBuildPhase;
			buildActionMask = 2147483647;
			files = (
				3932BFFD2B04558A001ABB71 /* CoreDataStack.swift in Sources */,
				39C608812B0304AA00E3A130 /* SearchViewController.swift in Sources */,
				393EE9722B05DD30003221AB /* CharacterData.swift in Sources */,
				39C608BF2B041B8D00E3A130 /* CharacterService.swift in Sources */,
				3932BFFB2B0453B5001ABB71 /* FavoriteCardStore.swift in Sources */,
				39C608AC2B03881A00E3A130 /* APIRouter.swift in Sources */,
				39C608B52B04152900E3A130 /* String+.swift in Sources */,
				39C608AE2B03881A00E3A130 /* EndPoint.swift in Sources */,
				3932C02B2B050B91001ABB71 /* FavoriteViewModel.swift in Sources */,
				3932C0012B0455C6001ABB71 /* FavoriteCardCoreDataManager.swift in Sources */,
				3932C0222B050835001ABB71 /* Debouncer.swift in Sources */,
				39386DDF2B063563003DAF4D /* FavoriteCard+CoreDataProperties.swift in Sources */,
				39C608B92B04199500E3A130 /* CharatersResponseDTO.swift in Sources */,
				3932C0202B0507E4001ABB71 /* Observable.swift in Sources */,
				39C6087D2B0304AA00E3A130 /* AppDelegate.swift in Sources */,
				39C608932B03167300E3A130 /* FavoriteViewController.swift in Sources */,
				3932C0262B050877001ABB71 /* Page.swift in Sources */,
				39C608992B037C3100E3A130 /* HomeViewController.swift in Sources */,
				3932C02E2B050BB5001ABB71 /* SearchViewModel.swift in Sources */,
				39386DDE2B063563003DAF4D /* FavoriteCard+CoreDataClass.swift in Sources */,
				3932C0322B059901001ABB71 /* Int+.swift in Sources */,
				3932C0172B04E8BB001ABB71 /* CustomTabItemView.swift in Sources */,
				39C608B32B03960A00E3A130 /* Bundle+.swift in Sources */,
				3932C0282B050888001ABB71 /* HomeViewModel.swift in Sources */,
				3932BFF02B043D56001ABB71 /* Serviceable.swift in Sources */,
				39C6087F2B0304AA00E3A130 /* SceneDelegate.swift in Sources */,
				3932C0302B0576FC001ABB71 /* CharecterCardCollectionViewCell.swift in Sources */,
				39C608AD2B03881A00E3A130 /* APIError.swift in Sources */,
				3932C0042B045780001ABB71 /* FavoriteCard.xcdatamodeld in Sources */,
			);
			runOnlyForDeploymentPostprocessing = 0;
		};
/* End PBXSourcesBuildPhase section */

/* Begin PBXTargetDependency section */
		3932C0122B04C2C7001ABB71 /* PBXTargetDependency */ = {
			isa = PBXTargetDependency;
			target = 39C608782B0304AA00E3A130 /* Shoplive */;
			targetProxy = 3932C0112B04C2C7001ABB71 /* PBXContainerItemProxy */;
		};
/* End PBXTargetDependency section */

/* Begin PBXVariantGroup section */
		39C608872B0304AC00E3A130 /* LaunchScreen.storyboard */ = {
			isa = PBXVariantGroup;
			children = (
				39C608882B0304AC00E3A130 /* Base */,
			);
			name = LaunchScreen.storyboard;
			sourceTree = "<group>";
		};
/* End PBXVariantGroup section */

/* Begin XCBuildConfiguration section */
		3932C0142B04C2C7001ABB71 /* Debug */ = {
			isa = XCBuildConfiguration;
			buildSettings = {
				BUNDLE_LOADER = "$(TEST_HOST)";
				CODE_SIGN_STYLE = Automatic;
				CURRENT_PROJECT_VERSION = 1;
				DEVELOPMENT_TEAM = PQ5FS4VVLR;
				GENERATE_INFOPLIST_FILE = YES;
				IPHONEOS_DEPLOYMENT_TARGET = 13.0;
				MARKETING_VERSION = 1.0;
				PRODUCT_BUNDLE_IDENTIFIER = com.koo.terry.ShopliveTests;
				PRODUCT_NAME = "$(TARGET_NAME)";
				SWIFT_EMIT_LOC_STRINGS = NO;
				SWIFT_VERSION = 5.0;
				TARGETED_DEVICE_FAMILY = "1,2";
				TEST_HOST = "$(BUILT_PRODUCTS_DIR)/Shoplive.app/$(BUNDLE_EXECUTABLE_FOLDER_PATH)/Shoplive";
			};
			name = Debug;
		};
		3932C0152B04C2C7001ABB71 /* Release */ = {
			isa = XCBuildConfiguration;
			buildSettings = {
				BUNDLE_LOADER = "$(TEST_HOST)";
				CODE_SIGN_STYLE = Automatic;
				CURRENT_PROJECT_VERSION = 1;
				DEVELOPMENT_TEAM = PQ5FS4VVLR;
				GENERATE_INFOPLIST_FILE = YES;
				IPHONEOS_DEPLOYMENT_TARGET = 13.0;
				MARKETING_VERSION = 1.0;
				PRODUCT_BUNDLE_IDENTIFIER = com.koo.terry.ShopliveTests;
				PRODUCT_NAME = "$(TARGET_NAME)";
				SWIFT_EMIT_LOC_STRINGS = NO;
				SWIFT_VERSION = 5.0;
				TARGETED_DEVICE_FAMILY = "1,2";
				TEST_HOST = "$(BUILT_PRODUCTS_DIR)/Shoplive.app/$(BUNDLE_EXECUTABLE_FOLDER_PATH)/Shoplive";
			};
			name = Release;
		};
		39C6088B2B0304AC00E3A130 /* Debug */ = {
			isa = XCBuildConfiguration;
			buildSettings = {
				ALWAYS_SEARCH_USER_PATHS = NO;
				ASSETCATALOG_COMPILER_GENERATE_SWIFT_ASSET_SYMBOL_EXTENSIONS = YES;
				CLANG_ANALYZER_NONNULL = YES;
				CLANG_ANALYZER_NUMBER_OBJECT_CONVERSION = YES_AGGRESSIVE;
				CLANG_CXX_LANGUAGE_STANDARD = "gnu++20";
				CLANG_ENABLE_MODULES = YES;
				CLANG_ENABLE_OBJC_ARC = YES;
				CLANG_ENABLE_OBJC_WEAK = YES;
				CLANG_WARN_BLOCK_CAPTURE_AUTORELEASING = YES;
				CLANG_WARN_BOOL_CONVERSION = YES;
				CLANG_WARN_COMMA = YES;
				CLANG_WARN_CONSTANT_CONVERSION = YES;
				CLANG_WARN_DEPRECATED_OBJC_IMPLEMENTATIONS = YES;
				CLANG_WARN_DIRECT_OBJC_ISA_USAGE = YES_ERROR;
				CLANG_WARN_DOCUMENTATION_COMMENTS = YES;
				CLANG_WARN_EMPTY_BODY = YES;
				CLANG_WARN_ENUM_CONVERSION = YES;
				CLANG_WARN_INFINITE_RECURSION = YES;
				CLANG_WARN_INT_CONVERSION = YES;
				CLANG_WARN_NON_LITERAL_NULL_CONVERSION = YES;
				CLANG_WARN_OBJC_IMPLICIT_RETAIN_SELF = YES;
				CLANG_WARN_OBJC_LITERAL_CONVERSION = YES;
				CLANG_WARN_OBJC_ROOT_CLASS = YES_ERROR;
				CLANG_WARN_QUOTED_INCLUDE_IN_FRAMEWORK_HEADER = YES;
				CLANG_WARN_RANGE_LOOP_ANALYSIS = YES;
				CLANG_WARN_STRICT_PROTOTYPES = YES;
				CLANG_WARN_SUSPICIOUS_MOVE = YES;
				CLANG_WARN_UNGUARDED_AVAILABILITY = YES_AGGRESSIVE;
				CLANG_WARN_UNREACHABLE_CODE = YES;
				CLANG_WARN__DUPLICATE_METHOD_MATCH = YES;
				COPY_PHASE_STRIP = NO;
				DEBUG_INFORMATION_FORMAT = dwarf;
				ENABLE_STRICT_OBJC_MSGSEND = YES;
				ENABLE_TESTABILITY = YES;
				ENABLE_USER_SCRIPT_SANDBOXING = YES;
				GCC_C_LANGUAGE_STANDARD = gnu17;
				GCC_DYNAMIC_NO_PIC = NO;
				GCC_NO_COMMON_BLOCKS = YES;
				GCC_OPTIMIZATION_LEVEL = 0;
				GCC_PREPROCESSOR_DEFINITIONS = (
					"DEBUG=1",
					"$(inherited)",
				);
				GCC_WARN_64_TO_32_BIT_CONVERSION = YES;
				GCC_WARN_ABOUT_RETURN_TYPE = YES_ERROR;
				GCC_WARN_UNDECLARED_SELECTOR = YES;
				GCC_WARN_UNINITIALIZED_AUTOS = YES_AGGRESSIVE;
				GCC_WARN_UNUSED_FUNCTION = YES;
				GCC_WARN_UNUSED_VARIABLE = YES;
				IPHONEOS_DEPLOYMENT_TARGET = 17.0;
				LOCALIZATION_PREFERS_STRING_CATALOGS = YES;
				MTL_ENABLE_DEBUG_INFO = INCLUDE_SOURCE;
				MTL_FAST_MATH = YES;
				ONLY_ACTIVE_ARCH = YES;
				SDKROOT = iphoneos;
				SWIFT_ACTIVE_COMPILATION_CONDITIONS = "DEBUG $(inherited)";
				SWIFT_OPTIMIZATION_LEVEL = "-Onone";
			};
			name = Debug;
		};
		39C6088C2B0304AC00E3A130 /* Release */ = {
			isa = XCBuildConfiguration;
			buildSettings = {
				ALWAYS_SEARCH_USER_PATHS = NO;
				ASSETCATALOG_COMPILER_GENERATE_SWIFT_ASSET_SYMBOL_EXTENSIONS = YES;
				CLANG_ANALYZER_NONNULL = YES;
				CLANG_ANALYZER_NUMBER_OBJECT_CONVERSION = YES_AGGRESSIVE;
				CLANG_CXX_LANGUAGE_STANDARD = "gnu++20";
				CLANG_ENABLE_MODULES = YES;
				CLANG_ENABLE_OBJC_ARC = YES;
				CLANG_ENABLE_OBJC_WEAK = YES;
				CLANG_WARN_BLOCK_CAPTURE_AUTORELEASING = YES;
				CLANG_WARN_BOOL_CONVERSION = YES;
				CLANG_WARN_COMMA = YES;
				CLANG_WARN_CONSTANT_CONVERSION = YES;
				CLANG_WARN_DEPRECATED_OBJC_IMPLEMENTATIONS = YES;
				CLANG_WARN_DIRECT_OBJC_ISA_USAGE = YES_ERROR;
				CLANG_WARN_DOCUMENTATION_COMMENTS = YES;
				CLANG_WARN_EMPTY_BODY = YES;
				CLANG_WARN_ENUM_CONVERSION = YES;
				CLANG_WARN_INFINITE_RECURSION = YES;
				CLANG_WARN_INT_CONVERSION = YES;
				CLANG_WARN_NON_LITERAL_NULL_CONVERSION = YES;
				CLANG_WARN_OBJC_IMPLICIT_RETAIN_SELF = YES;
				CLANG_WARN_OBJC_LITERAL_CONVERSION = YES;
				CLANG_WARN_OBJC_ROOT_CLASS = YES_ERROR;
				CLANG_WARN_QUOTED_INCLUDE_IN_FRAMEWORK_HEADER = YES;
				CLANG_WARN_RANGE_LOOP_ANALYSIS = YES;
				CLANG_WARN_STRICT_PROTOTYPES = YES;
				CLANG_WARN_SUSPICIOUS_MOVE = YES;
				CLANG_WARN_UNGUARDED_AVAILABILITY = YES_AGGRESSIVE;
				CLANG_WARN_UNREACHABLE_CODE = YES;
				CLANG_WARN__DUPLICATE_METHOD_MATCH = YES;
				COPY_PHASE_STRIP = NO;
				DEBUG_INFORMATION_FORMAT = "dwarf-with-dsym";
				ENABLE_NS_ASSERTIONS = NO;
				ENABLE_STRICT_OBJC_MSGSEND = YES;
				ENABLE_USER_SCRIPT_SANDBOXING = YES;
				GCC_C_LANGUAGE_STANDARD = gnu17;
				GCC_NO_COMMON_BLOCKS = YES;
				GCC_WARN_64_TO_32_BIT_CONVERSION = YES;
				GCC_WARN_ABOUT_RETURN_TYPE = YES_ERROR;
				GCC_WARN_UNDECLARED_SELECTOR = YES;
				GCC_WARN_UNINITIALIZED_AUTOS = YES_AGGRESSIVE;
				GCC_WARN_UNUSED_FUNCTION = YES;
				GCC_WARN_UNUSED_VARIABLE = YES;
				IPHONEOS_DEPLOYMENT_TARGET = 17.0;
				LOCALIZATION_PREFERS_STRING_CATALOGS = YES;
				MTL_ENABLE_DEBUG_INFO = NO;
				MTL_FAST_MATH = YES;
				SDKROOT = iphoneos;
				SWIFT_COMPILATION_MODE = wholemodule;
				VALIDATE_PRODUCT = YES;
			};
			name = Release;
		};
		39C6088E2B0304AC00E3A130 /* Debug */ = {
			isa = XCBuildConfiguration;
			buildSettings = {
				ASSETCATALOG_COMPILER_APPICON_NAME = AppIcon;
				ASSETCATALOG_COMPILER_GLOBAL_ACCENT_COLOR_NAME = AccentColor;
				CODE_SIGN_STYLE = Automatic;
				CURRENT_PROJECT_VERSION = 1;
				DEVELOPMENT_TEAM = PQ5FS4VVLR;
				GENERATE_INFOPLIST_FILE = YES;
				INFOPLIST_FILE = Shoplive/Info.plist;
				INFOPLIST_KEY_UIApplicationSupportsIndirectInputEvents = YES;
				INFOPLIST_KEY_UILaunchStoryboardName = LaunchScreen;
				INFOPLIST_KEY_UIMainStoryboardFile = "";
				INFOPLIST_KEY_UISupportedInterfaceOrientations_iPad = "UIInterfaceOrientationPortrait UIInterfaceOrientationPortraitUpsideDown UIInterfaceOrientationLandscapeLeft UIInterfaceOrientationLandscapeRight";
				INFOPLIST_KEY_UISupportedInterfaceOrientations_iPhone = "UIInterfaceOrientationPortrait UIInterfaceOrientationLandscapeLeft UIInterfaceOrientationLandscapeRight";
				IPHONEOS_DEPLOYMENT_TARGET = 13.0;
				LD_RUNPATH_SEARCH_PATHS = (
					"$(inherited)",
					"@executable_path/Frameworks",
				);
				MARKETING_VERSION = 1.0;
				PRODUCT_BUNDLE_IDENTIFIER = com.koo.terry.Shoplive;
				PRODUCT_NAME = "$(TARGET_NAME)";
				SUPPORTED_PLATFORMS = "iphoneos iphonesimulator";
				SUPPORTS_MACCATALYST = NO;
				SUPPORTS_MAC_DESIGNED_FOR_IPHONE_IPAD = NO;
				SWIFT_EMIT_LOC_STRINGS = YES;
				SWIFT_VERSION = 5.0;
				TARGETED_DEVICE_FAMILY = 1;
			};
			name = Debug;
		};
		39C6088F2B0304AC00E3A130 /* Release */ = {
			isa = XCBuildConfiguration;
			buildSettings = {
				ASSETCATALOG_COMPILER_APPICON_NAME = AppIcon;
				ASSETCATALOG_COMPILER_GLOBAL_ACCENT_COLOR_NAME = AccentColor;
				CODE_SIGN_STYLE = Automatic;
				CURRENT_PROJECT_VERSION = 1;
				DEVELOPMENT_TEAM = PQ5FS4VVLR;
				GENERATE_INFOPLIST_FILE = YES;
				INFOPLIST_FILE = Shoplive/Info.plist;
				INFOPLIST_KEY_UIApplicationSupportsIndirectInputEvents = YES;
				INFOPLIST_KEY_UILaunchStoryboardName = LaunchScreen;
				INFOPLIST_KEY_UIMainStoryboardFile = "";
				INFOPLIST_KEY_UISupportedInterfaceOrientations_iPad = "UIInterfaceOrientationPortrait UIInterfaceOrientationPortraitUpsideDown UIInterfaceOrientationLandscapeLeft UIInterfaceOrientationLandscapeRight";
				INFOPLIST_KEY_UISupportedInterfaceOrientations_iPhone = "UIInterfaceOrientationPortrait UIInterfaceOrientationLandscapeLeft UIInterfaceOrientationLandscapeRight";
				IPHONEOS_DEPLOYMENT_TARGET = 13.0;
				LD_RUNPATH_SEARCH_PATHS = (
					"$(inherited)",
					"@executable_path/Frameworks",
				);
				MARKETING_VERSION = 1.0;
				PRODUCT_BUNDLE_IDENTIFIER = com.koo.terry.Shoplive;
				PRODUCT_NAME = "$(TARGET_NAME)";
				SUPPORTED_PLATFORMS = "iphoneos iphonesimulator";
				SUPPORTS_MACCATALYST = NO;
				SUPPORTS_MAC_DESIGNED_FOR_IPHONE_IPAD = NO;
				SWIFT_EMIT_LOC_STRINGS = YES;
				SWIFT_VERSION = 5.0;
				TARGETED_DEVICE_FAMILY = 1;
			};
			name = Release;
		};
/* End XCBuildConfiguration section */

/* Begin XCConfigurationList section */
		3932C0132B04C2C7001ABB71 /* Build configuration list for PBXNativeTarget "ShopliveTests" */ = {
			isa = XCConfigurationList;
			buildConfigurations = (
				3932C0142B04C2C7001ABB71 /* Debug */,
				3932C0152B04C2C7001ABB71 /* Release */,
			);
			defaultConfigurationIsVisible = 0;
			defaultConfigurationName = Release;
		};
		39C608742B0304AA00E3A130 /* Build configuration list for PBXProject "Shoplive" */ = {
			isa = XCConfigurationList;
			buildConfigurations = (
				39C6088B2B0304AC00E3A130 /* Debug */,
				39C6088C2B0304AC00E3A130 /* Release */,
			);
			defaultConfigurationIsVisible = 0;
			defaultConfigurationName = Release;
		};
		39C6088D2B0304AC00E3A130 /* Build configuration list for PBXNativeTarget "Shoplive" */ = {
			isa = XCConfigurationList;
			buildConfigurations = (
				39C6088E2B0304AC00E3A130 /* Debug */,
				39C6088F2B0304AC00E3A130 /* Release */,
			);
			defaultConfigurationIsVisible = 0;
			defaultConfigurationName = Release;
		};
/* End XCConfigurationList section */

/* Begin XCRemoteSwiftPackageReference section */
		3932C01B2B04FD8C001ABB71 /* XCRemoteSwiftPackageReference "Kingfisher" */ = {
			isa = XCRemoteSwiftPackageReference;
			repositoryURL = "https://github.com/onevcat/Kingfisher";
			requirement = {
				kind = upToNextMajorVersion;
				minimumVersion = 7.10.0;
			};
		};
		39C608A32B037DDF00E3A130 /* XCRemoteSwiftPackageReference "SnapKit" */ = {
			isa = XCRemoteSwiftPackageReference;
			repositoryURL = "https://github.com/SnapKit/SnapKit";
			requirement = {
				kind = upToNextMajorVersion;
				minimumVersion = 5.6.0;
			};
		};
/* End XCRemoteSwiftPackageReference section */

/* Begin XCSwiftPackageProductDependency section */
		3932BFF52B044BBC001ABB71 /* SnapKit-Dynamic */ = {
			isa = XCSwiftPackageProductDependency;
			package = 39C608A32B037DDF00E3A130 /* XCRemoteSwiftPackageReference "SnapKit" */;
			productName = "SnapKit-Dynamic";
		};
		3932C01C2B04FD8C001ABB71 /* Kingfisher */ = {
			isa = XCSwiftPackageProductDependency;
			package = 3932C01B2B04FD8C001ABB71 /* XCRemoteSwiftPackageReference "Kingfisher" */;
			productName = Kingfisher;
		};
/* End XCSwiftPackageProductDependency section */

/* Begin XCVersionGroup section */
		3932C0022B045780001ABB71 /* FavoriteCard.xcdatamodeld */ = {
			isa = XCVersionGroup;
			children = (
				3932C0032B045780001ABB71 /* FavoriteCard.xcdatamodel */,
			);
			currentVersion = 3932C0032B045780001ABB71 /* FavoriteCard.xcdatamodel */;
			path = FavoriteCard.xcdatamodeld;
			sourceTree = "<group>";
			versionGroupType = wrapper.xcdatamodel;
		};
/* End XCVersionGroup section */
	};
	rootObject = 39C608712B0304AA00E3A130 /* Project object */;
}
